
Microsoft Visual Studio Solution File, Format Version 12.00
# Visual Studio 15
Project("{FAE04EC0-301F-11D3-BF4B-00C04F79EFBC}") = "Unity.Timeline", "Unity.Timeline.csproj", "{9C9D40D2-EA68-9B71-EBDB-34C53B04F734}"
EndProject
Project("{FAE04EC0-301F-11D3-BF4B-00C04F79EFBC}") = "Unity.Timeline.Editor", "Unity.Timeline.Editor.csproj", "{0B05985B-D4E2-DD6D-7041-67AEAF7DDA01}"
EndProject
Project("{FAE04EC0-301F-11D3-BF4B-00C04F79EFBC}") = "Unity.2D.Tilemap.Editor", "Unity.2D.Tilemap.Editor.csproj", "{20632870-E70F-B34D-415C-CA64684738D2}"
EndProject
Project("{FAE04EC0-301F-11D3-BF4B-00C04F79EFBC}") = "Unity.TextMeshPro.Editor", "Unity.TextMeshPro.Editor.csproj", "{F62CF2C5-B02B-CD18-9866-D67E7F8D4683}"
EndProject
Project("{FAE04EC0-301F-11D3-BF4B-00C04F79EFBC}") = "Unity.VisualScripting.Flow", "Unity.VisualScripting.Flow.csproj", "{A15F27B6-43B1-9962-873B-E3DEE8324676}"
EndProject
Project("{FAE04EC0-301F-11D3-BF4B-00C04F79EFBC}") = "UnityEditor.UI", "UnityEditor.UI.csproj", "{7C64E42B-F48C-BBF1-FA21-D92F1B4087C1}"
EndProject
Project("{FAE04EC0-301F-11D3-BF4B-00C04F79EFBC}") = "Unity.PlasticSCM.Editor", "Unity.PlasticSCM.Editor.csproj", "{C782F49F-0678-283C-D1AD-009194B13C91}"
EndProject
Project("{FAE04EC0-301F-11D3-BF4B-00C04F79EFBC}") = "Unity.VisualScripting.Core", "Unity.VisualScripting.Core.csproj", "{4948FAD3-67CB-FAF3-7589-581656B14744}"
EndProject
Project("{FAE04EC0-301F-11D3-BF4B-00C04F79EFBC}") = "Unity.VisualScripting.Core.Editor", "Unity.VisualScripting.Core.Editor.csproj", "{F5EAF2D9-D9F0-992C-1A0C-C5D20DDC04E2}"
EndProject
Project("{FAE04EC0-301F-11D3-BF4B-00C04F79EFBC}") = "Unity.VisualScripting.Flow.Editor", "Unity.VisualScripting.Flow.Editor.csproj", "{FF665322-FB49-C7A3-31CB-95DA358B8729}"
EndProject
Project("{FAE04EC0-301F-11D3-BF4B-00C04F79EFBC}") = "UnityEditor.TestRunner", "UnityEditor.TestRunner.csproj", "{501B153A-84A3-3A4C-6F1F-6D58FB9B0080}"
EndProject
Project("{FAE04EC0-301F-11D3-BF4B-00C04F79EFBC}") = "Unity.VisualScripting.SettingsProvider.Editor", "Unity.VisualScripting.SettingsProvider.Editor.csproj", "{EBB008AC-B0B5-F9EE-CCF7-51B897072E60}"
EndProject
Project("{FAE04EC0-301F-11D3-BF4B-00C04F79EFBC}") = "UnityEngine.TestRunner", "UnityEngine.TestRunner.csproj", "{622D37C1-68A6-7A82-B494-CFEDED8BA371}"
EndProject
Project("{FAE04EC0-301F-11D3-BF4B-00C04F79EFBC}") = "UnityEngine.UI", "UnityEngine.UI.csproj", "{3D9B0B52-2EF8-2F49-81FF-F69AE66B4FA9}"
EndProject
Project("{FAE04EC0-301F-11D3-BF4B-00C04F79EFBC}") = "Unity.VisualStudio.Editor", "Unity.VisualStudio.Editor.csproj", "{AE47081A-0951-FCB4-9FEB-74ACFBC64815}"
EndProject
Project("{FAE04EC0-301F-11D3-BF4B-00C04F79EFBC}") = "Unity.2D.Tilemap.Extras.Editor", "Unity.2D.Tilemap.Extras.Editor.csproj", "{BF591479-460F-1FA6-76FC-79340E48E4FE}"
EndProject
Project("{FAE04EC0-301F-11D3-BF4B-00C04F79EFBC}") = "Unity.TestTools.CodeCoverage.Editor.OpenCover.Model", "Unity.TestTools.CodeCoverage.Editor.OpenCover.Model.csproj", "{6492DCD2-8A25-3AF5-D920-8D12F45CE012}"
EndProject
Project("{FAE04EC0-301F-11D3-BF4B-00C04F79EFBC}") = "Unity.Rider.Editor", "Unity.Rider.Editor.csproj", "{5A421635-DDC3-43B4-6C33-6088C532BB11}"
EndProject
Project("{FAE04EC0-301F-11D3-BF4B-00C04F79EFBC}") = "Assembly-CSharp", "Assembly-CSharp.csproj", "{72413E81-3BFD-04FC-A981-E681FDAB4241}"
EndProject
Project("{FAE04EC0-301F-11D3-BF4B-00C04F79EFBC}") = "Unity.VisualScripting.State.Editor", "Unity.VisualScripting.State.Editor.csproj", "{B104D685-CAE2-977E-97A2-2F59604947B2}"
EndProject
Project("{FAE04EC0-301F-11D3-BF4B-00C04F79EFBC}") = "Unity.TestTools.CodeCoverage.Editor", "Unity.TestTools.CodeCoverage.Editor.csproj", "{8DACEAEC-86EC-FEC4-C488-4F6871D0DA70}"
EndProject
Project("{FAE04EC0-301F-11D3-BF4B-00C04F79EFBC}") = "Unity.2D.Tilemap.Extras", "Unity.2D.Tilemap.Extras.csproj", "{C66F1A24-9A4B-6B6B-8ADC-DDF720E32CB4}"
EndProject
Project("{FAE04EC0-301F-11D3-BF4B-00C04F79EFBC}") = "Unity.VisualScripting.State", "Unity.VisualScripting.State.csproj", "{0075A1EC-E394-4705-4851-7EAB20F5FD74}"
EndProject
Project("{FAE04EC0-301F-11D3-BF4B-00C04F79EFBC}") = "Unity.TextMeshPro", "Unity.TextMeshPro.csproj", "{A98681B7-1546-1253-F4CF-B2086A4DF2D5}"
EndProject
Project("{FAE04EC0-301F-11D3-BF4B-00C04F79EFBC}") = "Unity.Performance.Profile-Analyzer.Editor", "Unity.Performance.Profile-Analyzer.Editor.csproj", "{D6477A37-B276-8285-9D3C-6797674FB9A6}"
EndProject
Project("{FAE04EC0-301F-11D3-BF4B-00C04F79EFBC}") = "Unity.VSCode.Editor", "Unity.VSCode.Editor.csproj", "{E4300B0B-F31D-4B87-BB70-25BF34C4360B}"
EndProject
Project("{FAE04EC0-301F-11D3-BF4B-00C04F79EFBC}") = "Unity.TestTools.CodeCoverage.Editor.OpenCover.Mono.Reflection", "Unity.TestTools.CodeCoverage.Editor.OpenCover.Mono.Reflection.csproj", "{348AF0BC-908C-7FFD-19EC-507B48AFB7F6}"
EndProject
Project("{FAE04EC0-301F-11D3-BF4B-00C04F79EFBC}") = "Unity.2D.Sprite.Editor", "Unity.2D.Sprite.Editor.csproj", "{A52791C2-DF86-D04C-AB0A-F1534EA14173}"
EndProject
Project("{FAE04EC0-301F-11D3-BF4B-00C04F79EFBC}") = "Unity.Settings.Editor", "Unity.Settings.Editor.csproj", "{156B8B66-3A01-C37B-02AA-775F9A9AF97D}"
EndProject
Project("{FAE04EC0-301F-11D3-BF4B-00C04F79EFBC}") = "Unity.EditorCoroutines.Editor", "Unity.EditorCoroutines.Editor.csproj", "{1AB0F702-B416-90CC-5D50-471FE6C0D926}"
EndProject
Project("{FAE04EC0-301F-11D3-BF4B-00C04F79EFBC}") = "Unity.VisualScripting.Shared.Editor", "Unity.VisualScripting.Shared.Editor.csproj", "{333C3473-5CFB-1F89-3FB2-844157D9DA3B}"
EndProject
Project("{FAE04EC0-301F-11D3-BF4B-00C04F79EFBC}") = "Assembly-CSharp-Editor", "Assembly-CSharp-Editor.csproj", "{4138E5F5-A25B-CE58-B3E0-4A07EB77B5E4}"
EndProject
Project("{FAE04EC0-301F-11D3-BF4B-00C04F79EFBC}") = "Unity.CollabProxy.Editor", "Unity.CollabProxy.Editor.csproj", "{120728FA-9BEC-32D0-8A26-2CBDC5FB5BB5}"
EndProject
Global
	GlobalSection(SolutionConfigurationPlatforms) = preSolution
		Debug|Any CPU = Debug|Any CPU
		Release|Any CPU = Release|Any CPU
	EndGlobalSection
	GlobalSection(ProjectConfigurationPlatforms) = postSolution
		{9C9D40D2-EA68-9B71-EBDB-34C53B04F734}.Debug|Any CPU.ActiveCfg = Debug|Any CPU
		{9C9D40D2-EA68-9B71-EBDB-34C53B04F734}.Debug|Any CPU.Build.0 = Debug|Any CPU
		{9C9D40D2-EA68-9B71-EBDB-34C53B04F734}.Release|Any CPU.ActiveCfg = Release|Any CPU
		{9C9D40D2-EA68-9B71-EBDB-34C53B04F734}.Release|Any CPU.Build.0 = Release|Any CPU
		{0B05985B-D4E2-DD6D-7041-67AEAF7DDA01}.Debug|Any CPU.ActiveCfg = Debug|Any CPU
		{0B05985B-D4E2-DD6D-7041-67AEAF7DDA01}.Debug|Any CPU.Build.0 = Debug|Any CPU
		{0B05985B-D4E2-DD6D-7041-67AEAF7DDA01}.Release|Any CPU.ActiveCfg = Release|Any CPU
		{0B05985B-D4E2-DD6D-7041-67AEAF7DDA01}.Release|Any CPU.Build.0 = Release|Any CPU
		{20632870-E70F-B34D-415C-CA64684738D2}.Debug|Any CPU.ActiveCfg = Debug|Any CPU
		{20632870-E70F-B34D-415C-CA64684738D2}.Debug|Any CPU.Build.0 = Debug|Any CPU
		{20632870-E70F-B34D-415C-CA64684738D2}.Release|Any CPU.ActiveCfg = Release|Any CPU
		{20632870-E70F-B34D-415C-CA64684738D2}.Release|Any CPU.Build.0 = Release|Any CPU
		{F62CF2C5-B02B-CD18-9866-D67E7F8D4683}.Debug|Any CPU.ActiveCfg = Debug|Any CPU
		{F62CF2C5-B02B-CD18-9866-D67E7F8D4683}.Debug|Any CPU.Build.0 = Debug|Any CPU
		{F62CF2C5-B02B-CD18-9866-D67E7F8D4683}.Release|Any CPU.ActiveCfg = Release|Any CPU
		{F62CF2C5-B02B-CD18-9866-D67E7F8D4683}.Release|Any CPU.Build.0 = Release|Any CPU
		{A15F27B6-43B1-9962-873B-E3DEE8324676}.Debug|Any CPU.ActiveCfg = Debug|Any CPU
		{A15F27B6-43B1-9962-873B-E3DEE8324676}.Debug|Any CPU.Build.0 = Debug|Any CPU
		{A15F27B6-43B1-9962-873B-E3DEE8324676}.Release|Any CPU.ActiveCfg = Release|Any CPU
		{A15F27B6-43B1-9962-873B-E3DEE8324676}.Release|Any CPU.Build.0 = Release|Any CPU
		{7C64E42B-F48C-BBF1-FA21-D92F1B4087C1}.Debug|Any CPU.ActiveCfg = Debug|Any CPU
		{7C64E42B-F48C-BBF1-FA21-D92F1B4087C1}.Debug|Any CPU.Build.0 = Debug|Any CPU
		{7C64E42B-F48C-BBF1-FA21-D92F1B4087C1}.Release|Any CPU.ActiveCfg = Release|Any CPU
		{7C64E42B-F48C-BBF1-FA21-D92F1B4087C1}.Release|Any CPU.Build.0 = Release|Any CPU
		{C782F49F-0678-283C-D1AD-009194B13C91}.Debug|Any CPU.ActiveCfg = Debug|Any CPU
		{C782F49F-0678-283C-D1AD-009194B13C91}.Debug|Any CPU.Build.0 = Debug|Any CPU
		{C782F49F-0678-283C-D1AD-009194B13C91}.Release|Any CPU.ActiveCfg = Release|Any CPU
		{C782F49F-0678-283C-D1AD-009194B13C91}.Release|Any CPU.Build.0 = Release|Any CPU
		{4948FAD3-67CB-FAF3-7589-581656B14744}.Debug|Any CPU.ActiveCfg = Debug|Any CPU
		{4948FAD3-67CB-FAF3-7589-581656B14744}.Debug|Any CPU.Build.0 = Debug|Any CPU
		{4948FAD3-67CB-FAF3-7589-581656B14744}.Release|Any CPU.ActiveCfg = Release|Any CPU
		{4948FAD3-67CB-FAF3-7589-581656B14744}.Release|Any CPU.Build.0 = Release|Any CPU
		{F5EAF2D9-D9F0-992C-1A0C-C5D20DDC04E2}.Debug|Any CPU.ActiveCfg = Debug|Any CPU
		{F5EAF2D9-D9F0-992C-1A0C-C5D20DDC04E2}.Debug|Any CPU.Build.0 = Debug|Any CPU
		{F5EAF2D9-D9F0-992C-1A0C-C5D20DDC04E2}.Release|Any CPU.ActiveCfg = Release|Any CPU
		{F5EAF2D9-D9F0-992C-1A0C-C5D20DDC04E2}.Release|Any CPU.Build.0 = Release|Any CPU
		{FF665322-FB49-C7A3-31CB-95DA358B8729}.Debug|Any CPU.ActiveCfg = Debug|Any CPU
		{FF665322-FB49-C7A3-31CB-95DA358B8729}.Debug|Any CPU.Build.0 = Debug|Any CPU
		{FF665322-FB49-C7A3-31CB-95DA358B8729}.Release|Any CPU.ActiveCfg = Release|Any CPU
		{FF665322-FB49-C7A3-31CB-95DA358B8729}.Release|Any CPU.Build.0 = Release|Any CPU
		{501B153A-84A3-3A4C-6F1F-6D58FB9B0080}.Debug|Any CPU.ActiveCfg = Debug|Any CPU
		{501B153A-84A3-3A4C-6F1F-6D58FB9B0080}.Debug|Any CPU.Build.0 = Debug|Any CPU
		{501B153A-84A3-3A4C-6F1F-6D58FB9B0080}.Release|Any CPU.ActiveCfg = Release|Any CPU
		{501B153A-84A3-3A4C-6F1F-6D58FB9B0080}.Release|Any CPU.Build.0 = Release|Any CPU
		{EBB008AC-B0B5-F9EE-CCF7-51B897072E60}.Debug|Any CPU.ActiveCfg = Debug|Any CPU
		{EBB008AC-B0B5-F9EE-CCF7-51B897072E60}.Debug|Any CPU.Build.0 = Debug|Any CPU
		{EBB008AC-B0B5-F9EE-CCF7-51B897072E60}.Release|Any CPU.ActiveCfg = Release|Any CPU
		{EBB008AC-B0B5-F9EE-CCF7-51B897072E60}.Release|Any CPU.Build.0 = Release|Any CPU
		{622D37C1-68A6-7A82-B494-CFEDED8BA371}.Debug|Any CPU.ActiveCfg = Debug|Any CPU
		{622D37C1-68A6-7A82-B494-CFEDED8BA371}.Debug|Any CPU.Build.0 = Debug|Any CPU
		{622D37C1-68A6-7A82-B494-CFEDED8BA371}.Release|Any CPU.ActiveCfg = Release|Any CPU
		{622D37C1-68A6-7A82-B494-CFEDED8BA371}.Release|Any CPU.Build.0 = Release|Any CPU
		{3D9B0B52-2EF8-2F49-81FF-F69AE66B4FA9}.Debug|Any CPU.ActiveCfg = Debug|Any CPU
		{3D9B0B52-2EF8-2F49-81FF-F69AE66B4FA9}.Debug|Any CPU.Build.0 = Debug|Any CPU
		{3D9B0B52-2EF8-2F49-81FF-F69AE66B4FA9}.Release|Any CPU.ActiveCfg = Release|Any CPU
		{3D9B0B52-2EF8-2F49-81FF-F69AE66B4FA9}.Release|Any CPU.Build.0 = Release|Any CPU
		{AE47081A-0951-FCB4-9FEB-74ACFBC64815}.Debug|Any CPU.ActiveCfg = Debug|Any CPU
		{AE47081A-0951-FCB4-9FEB-74ACFBC64815}.Debug|Any CPU.Build.0 = Debug|Any CPU
		{AE47081A-0951-FCB4-9FEB-74ACFBC64815}.Release|Any CPU.ActiveCfg = Release|Any CPU
		{AE47081A-0951-FCB4-9FEB-74ACFBC64815}.Release|Any CPU.Build.0 = Release|Any CPU
		{BF591479-460F-1FA6-76FC-79340E48E4FE}.Debug|Any CPU.ActiveCfg = Debug|Any CPU
		{BF591479-460F-1FA6-76FC-79340E48E4FE}.Debug|Any CPU.Build.0 = Debug|Any CPU
		{BF591479-460F-1FA6-76FC-79340E48E4FE}.Release|Any CPU.ActiveCfg = Release|Any CPU
		{BF591479-460F-1FA6-76FC-79340E48E4FE}.Release|Any CPU.Build.0 = Release|Any CPU
		{6492DCD2-8A25-3AF5-D920-8D12F45CE012}.Debug|Any CPU.ActiveCfg = Debug|Any CPU
		{6492DCD2-8A25-3AF5-D920-8D12F45CE012}.Debug|Any CPU.Build.0 = Debug|Any CPU
		{6492DCD2-8A25-3AF5-D920-8D12F45CE012}.Release|Any CPU.ActiveCfg = Release|Any CPU
		{6492DCD2-8A25-3AF5-D920-8D12F45CE012}.Release|Any CPU.Build.0 = Release|Any CPU
		{5A421635-DDC3-43B4-6C33-6088C532BB11}.Debug|Any CPU.ActiveCfg = Debug|Any CPU
		{5A421635-DDC3-43B4-6C33-6088C532BB11}.Debug|Any CPU.Build.0 = Debug|Any CPU
		{5A421635-DDC3-43B4-6C33-6088C532BB11}.Release|Any CPU.ActiveCfg = Release|Any CPU
		{5A421635-DDC3-43B4-6C33-6088C532BB11}.Release|Any CPU.Build.0 = Release|Any CPU
		{72413E81-3BFD-04FC-A981-E681FDAB4241}.Debug|Any CPU.ActiveCfg = Debug|Any CPU
		{72413E81-3BFD-04FC-A981-E681FDAB4241}.Debug|Any CPU.Build.0 = Debug|Any CPU
		{72413E81-3BFD-04FC-A981-E681FDAB4241}.Release|Any CPU.ActiveCfg = Release|Any CPU
		{72413E81-3BFD-04FC-A981-E681FDAB4241}.Release|Any CPU.Build.0 = Release|Any CPU
		{B104D685-CAE2-977E-97A2-2F59604947B2}.Debug|Any CPU.ActiveCfg = Debug|Any CPU
		{B104D685-CAE2-977E-97A2-2F59604947B2}.Debug|Any CPU.Build.0 = Debug|Any CPU
		{B104D685-CAE2-977E-97A2-2F59604947B2}.Release|Any CPU.ActiveCfg = Release|Any CPU
		{B104D685-CAE2-977E-97A2-2F59604947B2}.Release|Any CPU.Build.0 = Release|Any CPU
		{8DACEAEC-86EC-FEC4-C488-4F6871D0DA70}.Debug|Any CPU.ActiveCfg = Debug|Any CPU
		{8DACEAEC-86EC-FEC4-C488-4F6871D0DA70}.Debug|Any CPU.Build.0 = Debug|Any CPU
		{8DACEAEC-86EC-FEC4-C488-4F6871D0DA70}.Release|Any CPU.ActiveCfg = Release|Any CPU
		{8DACEAEC-86EC-FEC4-C488-4F6871D0DA70}.Release|Any CPU.Build.0 = Release|Any CPU
		{C66F1A24-9A4B-6B6B-8ADC-DDF720E32CB4}.Debug|Any CPU.ActiveCfg = Debug|Any CPU
		{C66F1A24-9A4B-6B6B-8ADC-DDF720E32CB4}.Debug|Any CPU.Build.0 = Debug|Any CPU
		{C66F1A24-9A4B-6B6B-8ADC-DDF720E32CB4}.Release|Any CPU.ActiveCfg = Release|Any CPU
		{C66F1A24-9A4B-6B6B-8ADC-DDF720E32CB4}.Release|Any CPU.Build.0 = Release|Any CPU
		{0075A1EC-E394-4705-4851-7EAB20F5FD74}.Debug|Any CPU.ActiveCfg = Debug|Any CPU
		{0075A1EC-E394-4705-4851-7EAB20F5FD74}.Debug|Any CPU.Build.0 = Debug|Any CPU
		{0075A1EC-E394-4705-4851-7EAB20F5FD74}.Release|Any CPU.ActiveCfg = Release|Any CPU
		{0075A1EC-E394-4705-4851-7EAB20F5FD74}.Release|Any CPU.Build.0 = Release|Any CPU
		{A98681B7-1546-1253-F4CF-B2086A4DF2D5}.Debug|Any CPU.ActiveCfg = Debug|Any CPU
		{A98681B7-1546-1253-F4CF-B2086A4DF2D5}.Debug|Any CPU.Build.0 = Debug|Any CPU
		{A98681B7-1546-1253-F4CF-B2086A4DF2D5}.Release|Any CPU.ActiveCfg = Release|Any CPU
		{A98681B7-1546-1253-F4CF-B2086A4DF2D5}.Release|Any CPU.Build.0 = Release|Any CPU
		{D6477A37-B276-8285-9D3C-6797674FB9A6}.Debug|Any CPU.ActiveCfg = Debug|Any CPU
		{D6477A37-B276-8285-9D3C-6797674FB9A6}.Debug|Any CPU.Build.0 = Debug|Any CPU
		{D6477A37-B276-8285-9D3C-6797674FB9A6}.Release|Any CPU.ActiveCfg = Release|Any CPU
		{D6477A37-B276-8285-9D3C-6797674FB9A6}.Release|Any CPU.Build.0 = Release|Any CPU
		{E4300B0B-F31D-4B87-BB70-25BF34C4360B}.Debug|Any CPU.ActiveCfg = Debug|Any CPU
		{E4300B0B-F31D-4B87-BB70-25BF34C4360B}.Debug|Any CPU.Build.0 = Debug|Any CPU
		{E4300B0B-F31D-4B87-BB70-25BF34C4360B}.Release|Any CPU.ActiveCfg = Release|Any CPU
		{E4300B0B-F31D-4B87-BB70-25BF34C4360B}.Release|Any CPU.Build.0 = Release|Any CPU
		{348AF0BC-908C-7FFD-19EC-507B48AFB7F6}.Debug|Any CPU.ActiveCfg = Debug|Any CPU
		{348AF0BC-908C-7FFD-19EC-507B48AFB7F6}.Debug|Any CPU.Build.0 = Debug|Any CPU
		{348AF0BC-908C-7FFD-19EC-507B48AFB7F6}.Release|Any CPU.ActiveCfg = Release|Any CPU
		{348AF0BC-908C-7FFD-19EC-507B48AFB7F6}.Release|Any CPU.Build.0 = Release|Any CPU
		{A52791C2-DF86-D04C-AB0A-F1534EA14173}.Debug|Any CPU.ActiveCfg = Debug|Any CPU
		{A52791C2-DF86-D04C-AB0A-F1534EA14173}.Debug|Any CPU.Build.0 = Debug|Any CPU
		{A52791C2-DF86-D04C-AB0A-F1534EA14173}.Release|Any CPU.ActiveCfg = Release|Any CPU
		{A52791C2-DF86-D04C-AB0A-F1534EA14173}.Release|Any CPU.Build.0 = Release|Any CPU
		{156B8B66-3A01-C37B-02AA-775F9A9AF97D}.Debug|Any CPU.ActiveCfg = Debug|Any CPU
		{156B8B66-3A01-C37B-02AA-775F9A9AF97D}.Debug|Any CPU.Build.0 = Debug|Any CPU
		{156B8B66-3A01-C37B-02AA-775F9A9AF97D}.Release|Any CPU.ActiveCfg = Release|Any CPU
		{156B8B66-3A01-C37B-02AA-775F9A9AF97D}.Release|Any CPU.Build.0 = Release|Any CPU
		{1AB0F702-B416-90CC-5D50-471FE6C0D926}.Debug|Any CPU.ActiveCfg = Debug|Any CPU
		{1AB0F702-B416-90CC-5D50-471FE6C0D926}.Debug|Any CPU.Build.0 = Debug|Any CPU
		{1AB0F702-B416-90CC-5D50-471FE6C0D926}.Release|Any CPU.ActiveCfg = Release|Any CPU
		{1AB0F702-B416-90CC-5D50-471FE6C0D926}.Release|Any CPU.Build.0 = Release|Any CPU
		{333C3473-5CFB-1F89-3FB2-844157D9DA3B}.Debug|Any CPU.ActiveCfg = Debug|Any CPU
		{333C3473-5CFB-1F89-3FB2-844157D9DA3B}.Debug|Any CPU.Build.0 = Debug|Any CPU
		{333C3473-5CFB-1F89-3FB2-844157D9DA3B}.Release|Any CPU.ActiveCfg = Release|Any CPU
		{333C3473-5CFB-1F89-3FB2-844157D9DA3B}.Release|Any CPU.Build.0 = Release|Any CPU
		{4138E5F5-A25B-CE58-B3E0-4A07EB77B5E4}.Debug|Any CPU.ActiveCfg = Debug|Any CPU
		{4138E5F5-A25B-CE58-B3E0-4A07EB77B5E4}.Debug|Any CPU.Build.0 = Debug|Any CPU
		{4138E5F5-A25B-CE58-B3E0-4A07EB77B5E4}.Release|Any CPU.ActiveCfg = Release|Any CPU
		{4138E5F5-A25B-CE58-B3E0-4A07EB77B5E4}.Release|Any CPU.Build.0 = Release|Any CPU
		{120728FA-9BEC-32D0-8A26-2CBDC5FB5BB5}.Debug|Any CPU.ActiveCfg = Debug|Any CPU
		{120728FA-9BEC-32D0-8A26-2CBDC5FB5BB5}.Debug|Any CPU.Build.0 = Debug|Any CPU
		{120728FA-9BEC-32D0-8A26-2CBDC5FB5BB5}.Release|Any CPU.ActiveCfg = Release|Any CPU
		{120728FA-9BEC-32D0-8A26-2CBDC5FB5BB5}.Release|Any CPU.Build.0 = Release|Any CPU
	EndGlobalSection
	GlobalSection(SolutionProperties) = preSolution
		HideSolutionNode = FALSE
	EndGlobalSection
EndGlobal
